
Microsoft Visual Studio Solution File, Format Version 12.00
# Visual Studio Version 17
VisualStudioVersion = 17.11.35431.28
MinimumVisualStudioVersion = 10.0.40219.1
Project("{FAE04EC0-301F-11D3-BF4B-00C04F79EFBC}") = "InternshipFinder", "InternshipFinder\InternshipFinder.csproj", "{18E8CC07-F9EF-4F45-B2EC-D872C4CA6913}"
EndProject
Global
	GlobalSection(SolutionConfigurationPlatforms) = preSolution
		Debug|Any CPU = Debug|Any CPU
		Release|Any CPU = Release|Any CPU
	EndGlobalSection
	GlobalSection(ProjectConfigurationPlatforms) = postSolution
		{18E8CC07-F9EF-4F45-B2EC-D872C4CA6913}.Debug|Any CPU.ActiveCfg = Debug|Any CPU
		{18E8CC07-F9EF-4F45-B2EC-D872C4CA6913}.Debug|Any CPU.Build.0 = Debug|Any CPU
		{18E8CC07-F9EF-4F45-B2EC-D872C4CA6913}.Release|Any CPU.ActiveCfg = Release|Any CPU
		{18E8CC07-F9EF-4F45-B2EC-D872C4CA6913}.Release|Any CPU.Build.0 = Release|Any CPU
	EndGlobalSection
	GlobalSection(SolutionProperties) = preSolution
		HideSolutionNode = FALSE
	EndGlobalSection
	GlobalSection(ExtensibilityGlobals) = postSolution
		SolutionGuid = {532C9D41-EECF-4763-BA99-33159A046212}
	EndGlobalSection
EndGlobal
